
Microsoft Visual Studio Solution File, Format Version 12.00
# Visual Studio Version 16
VisualStudioVersion = 16.0.30225.117
MinimumVisualStudioVersion = 10.0.40219.1
Project("{FAE04EC0-301F-11D3-BF4B-00C04F79EFBC}") = "TagMultiviewerLayoutGetter", "TagMultiviewerLayoutGetter\TagMultiviewerLayoutGetter.csproj", "{CD937E37-BE06-48EA-9658-BA387AD14DA2}"
EndProject
Global
	GlobalSection(SolutionConfigurationPlatforms) = preSolution
		Debug|Any CPU = Debug|Any CPU
		Release|Any CPU = Release|Any CPU
	EndGlobalSection
	GlobalSection(ProjectConfigurationPlatforms) = postSolution
		{CD937E37-BE06-48EA-9658-BA387AD14DA2}.Debug|Any CPU.ActiveCfg = Debug|Any CPU
		{CD937E37-BE06-48EA-9658-BA387AD14DA2}.Debug|Any CPU.Build.0 = Debug|Any CPU
		{CD937E37-BE06-48EA-9658-BA387AD14DA2}.Release|Any CPU.ActiveCfg = Release|Any CPU
		{CD937E37-BE06-48EA-9658-BA387AD14DA2}.Release|Any CPU.Build.0 = Release|Any CPU
	EndGlobalSection
	GlobalSection(SolutionProperties) = preSolution
		HideSolutionNode = FALSE
	EndGlobalSection
	GlobalSection(ExtensibilityGlobals) = postSolution
		SolutionGuid = {4EA52722-B5A0-4D9A-B6C8-D27FF75D01F4}
	EndGlobalSection
EndGlobal
